// !$*UTF8*$!
{
	archiveVersion = 1;
	classes = {
	};
	objectVersion = 56;
	objects = {

/* Begin PBXBuildFile section */
		5B43D32C298C9F7D006B56EA /* LoginView.swift in Sources */ = {isa = PBXBuildFile; fileRef = 5B43D32B298C9F7D006B56EA /* LoginView.swift */; };
		5B43D32E298CAEB4006B56EA /* FeedView.swift in Sources */ = {isa = PBXBuildFile; fileRef = 5B43D32D298CAEB4006B56EA /* FeedView.swift */; };
		5B43D330298CAED2006B56EA /* ShazamView.swift in Sources */ = {isa = PBXBuildFile; fileRef = 5B43D32F298CAED2006B56EA /* ShazamView.swift */; };
		5B43D332298CF2CE006B56EA /* NewPostView.swift in Sources */ = {isa = PBXBuildFile; fileRef = 5B43D331298CF2CE006B56EA /* NewPostView.swift */; };
		5B43D335298D0662006B56EA /* PostCard.swift in Sources */ = {isa = PBXBuildFile; fileRef = 5B43D334298D0662006B56EA /* PostCard.swift */; };
		5B5E7F59298F2E7700AA588C /* AuthenticationManager.swift in Sources */ = {isa = PBXBuildFile; fileRef = 5B5E7F58298F2E7700AA588C /* AuthenticationManager.swift */; };
		5B5E7F5B298F351F00AA588C /* SignUpView.swift in Sources */ = {isa = PBXBuildFile; fileRef = 5B5E7F5A298F351F00AA588C /* SignUpView.swift */; };
		5B5E7F5E298F36B900AA588C /* SyncContentView.swift in Sources */ = {isa = PBXBuildFile; fileRef = 5B5E7F5D298F36B900AA588C /* SyncContentView.swift */; };
		5B5E7F60298F36E300AA588C /* OpenSyncedRealmView.swift in Sources */ = {isa = PBXBuildFile; fileRef = 5B5E7F5F298F36E300AA588C /* OpenSyncedRealmView.swift */; };
		5B793BB2298DC89D00D57757 /* DateToString.swift in Sources */ = {isa = PBXBuildFile; fileRef = 5B793BB1298DC89D00D57757 /* DateToString.swift */; };
		5B793BB8298E19F500D57757 /* LocationManager.swift in Sources */ = {isa = PBXBuildFile; fileRef = 5B793BB7298E19F500D57757 /* LocationManager.swift */; };
		5B793BBA298E1CAE00D57757 /* LocalSearchService.swift in Sources */ = {isa = PBXBuildFile; fileRef = 5B793BB9298E1CAE00D57757 /* LocalSearchService.swift */; };
		5B793BBC298E1CCD00D57757 /* LocalSearchData.swift in Sources */ = {isa = PBXBuildFile; fileRef = 5B793BBB298E1CCD00D57757 /* LocalSearchData.swift */; };
		5B793BBF298E1EDD00D57757 /* LocationView.swift in Sources */ = {isa = PBXBuildFile; fileRef = 5B793BBE298E1EDD00D57757 /* LocationView.swift */; };
		5B79609D298C74A900947879 /* shazam_socialApp.swift in Sources */ = {isa = PBXBuildFile; fileRef = 5B79609C298C74A900947879 /* shazam_socialApp.swift */; };
		5B7960A1298C74AB00947879 /* Assets.xcassets in Resources */ = {isa = PBXBuildFile; fileRef = 5B7960A0298C74AB00947879 /* Assets.xcassets */; };
		5B7960A4298C74AB00947879 /* Preview Assets.xcassets in Resources */ = {isa = PBXBuildFile; fileRef = 5B7960A3298C74AB00947879 /* Preview Assets.xcassets */; };
		5B7960AB298C76AC00947879 /* ShazamHelper.swift in Sources */ = {isa = PBXBuildFile; fileRef = 5B7960AA298C76AC00947879 /* ShazamHelper.swift */; };
		5B7960AD298C77BB00947879 /* AppKeys.swift in Sources */ = {isa = PBXBuildFile; fileRef = 5B7960AC298C77BB00947879 /* AppKeys.swift */; };
		5B7960AF298C77F900947879 /* Model.swift in Sources */ = {isa = PBXBuildFile; fileRef = 5B7960AE298C77F900947879 /* Model.swift */; };
		5BFC70DD2990EB8B00E4D566 /* ProfileView.swift in Sources */ = {isa = PBXBuildFile; fileRef = 5BFC70DC2990EB8B00E4D566 /* ProfileView.swift */; };
		5BFC70DF2990F0A600E4D566 /* ProfilePostView.swift in Sources */ = {isa = PBXBuildFile; fileRef = 5BFC70DE2990F0A600E4D566 /* ProfilePostView.swift */; };
		5BFC70E12990F57A00E4D566 /* MapView.swift in Sources */ = {isa = PBXBuildFile; fileRef = 5BFC70E02990F57900E4D566 /* MapView.swift */; };
		5BFC70E32991074900E4D566 /* CachedAsyncImage.swift in Sources */ = {isa = PBXBuildFile; fileRef = 5BFC70E22991074900E4D566 /* CachedAsyncImage.swift */; };
		5BFC70E52991075700E4D566 /* ImageLoader.swift in Sources */ = {isa = PBXBuildFile; fileRef = 5BFC70E42991075700E4D566 /* ImageLoader.swift */; };
		6C4D6F2F2BF0D972F3D64547 /* Pods_shazam_social.framework in Frameworks */ = {isa = PBXBuildFile; fileRef = 8F2AD948D846F0A7FAE4ABCB /* Pods_shazam_social.framework */; };
/* End PBXBuildFile section */

/* Begin PBXFileReference section */
		5B43D32B298C9F7D006B56EA /* LoginView.swift */ = {isa = PBXFileReference; lastKnownFileType = sourcecode.swift; path = LoginView.swift; sourceTree = "<group>"; };
		5B43D32D298CAEB4006B56EA /* FeedView.swift */ = {isa = PBXFileReference; lastKnownFileType = sourcecode.swift; path = FeedView.swift; sourceTree = "<group>"; };
		5B43D32F298CAED2006B56EA /* ShazamView.swift */ = {isa = PBXFileReference; lastKnownFileType = sourcecode.swift; path = ShazamView.swift; sourceTree = "<group>"; };
		5B43D331298CF2CE006B56EA /* NewPostView.swift */ = {isa = PBXFileReference; lastKnownFileType = sourcecode.swift; path = NewPostView.swift; sourceTree = "<group>"; };
		5B43D334298D0662006B56EA /* PostCard.swift */ = {isa = PBXFileReference; lastKnownFileType = sourcecode.swift; path = PostCard.swift; sourceTree = "<group>"; };
		5B5E7F58298F2E7700AA588C /* AuthenticationManager.swift */ = {isa = PBXFileReference; lastKnownFileType = sourcecode.swift; path = AuthenticationManager.swift; sourceTree = "<group>"; };
		5B5E7F5A298F351F00AA588C /* SignUpView.swift */ = {isa = PBXFileReference; lastKnownFileType = sourcecode.swift; path = SignUpView.swift; sourceTree = "<group>"; };
		5B5E7F5D298F36B900AA588C /* SyncContentView.swift */ = {isa = PBXFileReference; lastKnownFileType = sourcecode.swift; path = SyncContentView.swift; sourceTree = "<group>"; };
		5B5E7F5F298F36E300AA588C /* OpenSyncedRealmView.swift */ = {isa = PBXFileReference; lastKnownFileType = sourcecode.swift; path = OpenSyncedRealmView.swift; sourceTree = "<group>"; };
		5B793BB1298DC89D00D57757 /* DateToString.swift */ = {isa = PBXFileReference; lastKnownFileType = sourcecode.swift; path = DateToString.swift; sourceTree = "<group>"; };
		5B793BB7298E19F500D57757 /* LocationManager.swift */ = {isa = PBXFileReference; lastKnownFileType = sourcecode.swift; path = LocationManager.swift; sourceTree = "<group>"; };
		5B793BB9298E1CAE00D57757 /* LocalSearchService.swift */ = {isa = PBXFileReference; lastKnownFileType = sourcecode.swift; path = LocalSearchService.swift; sourceTree = "<group>"; };
		5B793BBB298E1CCD00D57757 /* LocalSearchData.swift */ = {isa = PBXFileReference; lastKnownFileType = sourcecode.swift; path = LocalSearchData.swift; sourceTree = "<group>"; };
		5B793BBE298E1EDD00D57757 /* LocationView.swift */ = {isa = PBXFileReference; lastKnownFileType = sourcecode.swift; path = LocationView.swift; sourceTree = "<group>"; };
		5B793BC0298E427F00D57757 /* Info.plist */ = {isa = PBXFileReference; lastKnownFileType = text.plist; path = Info.plist; sourceTree = "<group>"; };
		5B796099298C74A900947879 /* shazam-social.app */ = {isa = PBXFileReference; explicitFileType = wrapper.application; includeInIndex = 0; path = "shazam-social.app"; sourceTree = BUILT_PRODUCTS_DIR; };
		5B79609C298C74A900947879 /* shazam_socialApp.swift */ = {isa = PBXFileReference; lastKnownFileType = sourcecode.swift; path = shazam_socialApp.swift; sourceTree = "<group>"; };
		5B7960A0298C74AB00947879 /* Assets.xcassets */ = {isa = PBXFileReference; lastKnownFileType = folder.assetcatalog; path = Assets.xcassets; sourceTree = "<group>"; };
		5B7960A3298C74AB00947879 /* Preview Assets.xcassets */ = {isa = PBXFileReference; lastKnownFileType = folder.assetcatalog; path = "Preview Assets.xcassets"; sourceTree = "<group>"; };
		5B7960AA298C76AC00947879 /* ShazamHelper.swift */ = {isa = PBXFileReference; lastKnownFileType = sourcecode.swift; path = ShazamHelper.swift; sourceTree = "<group>"; };
		5B7960AC298C77BB00947879 /* AppKeys.swift */ = {isa = PBXFileReference; lastKnownFileType = sourcecode.swift; path = AppKeys.swift; sourceTree = "<group>"; };
		5B7960AE298C77F900947879 /* Model.swift */ = {isa = PBXFileReference; lastKnownFileType = sourcecode.swift; path = Model.swift; sourceTree = "<group>"; };
		5BFC70DC2990EB8B00E4D566 /* ProfileView.swift */ = {isa = PBXFileReference; lastKnownFileType = sourcecode.swift; path = ProfileView.swift; sourceTree = "<group>"; };
		5BFC70DE2990F0A600E4D566 /* ProfilePostView.swift */ = {isa = PBXFileReference; lastKnownFileType = sourcecode.swift; path = ProfilePostView.swift; sourceTree = "<group>"; };
		5BFC70E02990F57900E4D566 /* MapView.swift */ = {isa = PBXFileReference; lastKnownFileType = sourcecode.swift; path = MapView.swift; sourceTree = "<group>"; };
		5BFC70E22991074900E4D566 /* CachedAsyncImage.swift */ = {isa = PBXFileReference; lastKnownFileType = sourcecode.swift; path = CachedAsyncImage.swift; sourceTree = "<group>"; };
		5BFC70E42991075700E4D566 /* ImageLoader.swift */ = {isa = PBXFileReference; lastKnownFileType = sourcecode.swift; path = ImageLoader.swift; sourceTree = "<group>"; };
		8F2AD948D846F0A7FAE4ABCB /* Pods_shazam_social.framework */ = {isa = PBXFileReference; explicitFileType = wrapper.framework; includeInIndex = 0; path = Pods_shazam_social.framework; sourceTree = BUILT_PRODUCTS_DIR; };
		C0C3717F40E97D747BCED05C /* Pods-shazam-social.release.xcconfig */ = {isa = PBXFileReference; includeInIndex = 1; lastKnownFileType = text.xcconfig; name = "Pods-shazam-social.release.xcconfig"; path = "Target Support Files/Pods-shazam-social/Pods-shazam-social.release.xcconfig"; sourceTree = "<group>"; };
		C848167B6200EF926991AEF7 /* Pods-shazam-social.debug.xcconfig */ = {isa = PBXFileReference; includeInIndex = 1; lastKnownFileType = text.xcconfig; name = "Pods-shazam-social.debug.xcconfig"; path = "Target Support Files/Pods-shazam-social/Pods-shazam-social.debug.xcconfig"; sourceTree = "<group>"; };
/* End PBXFileReference section */

/* Begin PBXFrameworksBuildPhase section */
		5B796096298C74A900947879 /* Frameworks */ = {
			isa = PBXFrameworksBuildPhase;
			buildActionMask = 2147483647;
			files = (
				6C4D6F2F2BF0D972F3D64547 /* Pods_shazam_social.framework in Frameworks */,
			);
			runOnlyForDeploymentPostprocessing = 0;
		};
/* End PBXFrameworksBuildPhase section */

/* Begin PBXGroup section */
		5B43D328298C8A14006B56EA /* Views */ = {
			isa = PBXGroup;
			children = (
				5B5E7F5C298F35B900AA588C /* Realm */,
				5B43D32B298C9F7D006B56EA /* LoginView.swift */,
				5B5E7F5A298F351F00AA588C /* SignUpView.swift */,
				5B43D32D298CAEB4006B56EA /* FeedView.swift */,
				5BFC70E02990F57900E4D566 /* MapView.swift */,
				5BFC70DC2990EB8B00E4D566 /* ProfileView.swift */,
				5B43D32F298CAED2006B56EA /* ShazamView.swift */,
				5B43D331298CF2CE006B56EA /* NewPostView.swift */,
				5B793BBE298E1EDD00D57757 /* LocationView.swift */,
				5B43D333298D0655006B56EA /* Components */,
			);
			path = Views;
			sourceTree = "<group>";
		};
		5B43D333298D0655006B56EA /* Components */ = {
			isa = PBXGroup;
			children = (
				5BFC70DE2990F0A600E4D566 /* ProfilePostView.swift */,
				5B43D334298D0662006B56EA /* PostCard.swift */,
				5B793BB1298DC89D00D57757 /* DateToString.swift */,
				5BFC70E22991074900E4D566 /* CachedAsyncImage.swift */,
			);
			path = Components;
			sourceTree = "<group>";
		};
		5B5E7F57298F2E3A00AA588C /* Helpers */ = {
			isa = PBXGroup;
			children = (
				5B5E7F58298F2E7700AA588C /* AuthenticationManager.swift */,
				5B7960AA298C76AC00947879 /* ShazamHelper.swift */,
				5BFC70E42991075700E4D566 /* ImageLoader.swift */,
				5B793BBD298E1D4800D57757 /* Location */,
			);
			path = Helpers;
			sourceTree = "<group>";
		};
		5B5E7F5C298F35B900AA588C /* Realm */ = {
			isa = PBXGroup;
			children = (
				5B5E7F5D298F36B900AA588C /* SyncContentView.swift */,
				5B5E7F5F298F36E300AA588C /* OpenSyncedRealmView.swift */,
			);
			path = Realm;
			sourceTree = "<group>";
		};
		5B793BBD298E1D4800D57757 /* Location */ = {
			isa = PBXGroup;
			children = (
				5B793BBB298E1CCD00D57757 /* LocalSearchData.swift */,
				5B793BB9298E1CAE00D57757 /* LocalSearchService.swift */,
				5B793BB7298E19F500D57757 /* LocationManager.swift */,
			);
			path = Location;
			sourceTree = "<group>";
		};
		5B796090298C74A900947879 = {
			isa = PBXGroup;
			children = (
				5B79609B298C74A900947879 /* shazam-social */,
				5B79609A298C74A900947879 /* Products */,
				8B9038F9E5016B9552DDEC23 /* Pods */,
				7168872709D7B85FD3FD5A56 /* Frameworks */,
			);
			sourceTree = "<group>";
		};
		5B79609A298C74A900947879 /* Products */ = {
			isa = PBXGroup;
			children = (
				5B796099298C74A900947879 /* shazam-social.app */,
			);
			name = Products;
			sourceTree = "<group>";
		};
		5B79609B298C74A900947879 /* shazam-social */ = {
			isa = PBXGroup;
			children = (
				5B793BC0298E427F00D57757 /* Info.plist */,
				5B7960AE298C77F900947879 /* Model.swift */,
				5B7960AC298C77BB00947879 /* AppKeys.swift */,
				5B79609C298C74A900947879 /* shazam_socialApp.swift */,
				5B5E7F57298F2E3A00AA588C /* Helpers */,
				5B43D328298C8A14006B56EA /* Views */,
				5B7960A0298C74AB00947879 /* Assets.xcassets */,
				5B7960A2298C74AB00947879 /* Preview Content */,
			);
			path = "shazam-social";
			sourceTree = "<group>";
		};
		5B7960A2298C74AB00947879 /* Preview Content */ = {
			isa = PBXGroup;
			children = (
				5B7960A3298C74AB00947879 /* Preview Assets.xcassets */,
			);
			path = "Preview Content";
			sourceTree = "<group>";
		};
		7168872709D7B85FD3FD5A56 /* Frameworks */ = {
			isa = PBXGroup;
			children = (
				8F2AD948D846F0A7FAE4ABCB /* Pods_shazam_social.framework */,
			);
			name = Frameworks;
			sourceTree = "<group>";
		};
		8B9038F9E5016B9552DDEC23 /* Pods */ = {
			isa = PBXGroup;
			children = (
				C848167B6200EF926991AEF7 /* Pods-shazam-social.debug.xcconfig */,
				C0C3717F40E97D747BCED05C /* Pods-shazam-social.release.xcconfig */,
			);
			path = Pods;
			sourceTree = "<group>";
		};
/* End PBXGroup section */

/* Begin PBXNativeTarget section */
		5B796098298C74A900947879 /* shazam-social */ = {
			isa = PBXNativeTarget;
			buildConfigurationList = 5B7960A7298C74AB00947879 /* Build configuration list for PBXNativeTarget "shazam-social" */;
			buildPhases = (
				5A3988A9F86929DCB4F88D85 /* [CP] Check Pods Manifest.lock */,
				5B796095298C74A900947879 /* Sources */,
				5B796096298C74A900947879 /* Frameworks */,
				5B796097298C74A900947879 /* Resources */,
				56EA7414E0CBA1828A8AF94B /* [CP] Embed Pods Frameworks */,
			);
			buildRules = (
			);
			dependencies = (
			);
			name = "shazam-social";
			productName = "shazam-social";
			productReference = 5B796099298C74A900947879 /* shazam-social.app */;
			productType = "com.apple.product-type.application";
		};
/* End PBXNativeTarget section */

/* Begin PBXProject section */
		5B796091298C74A900947879 /* Project object */ = {
			isa = PBXProject;
			attributes = {
				BuildIndependentTargetsInParallel = 1;
				LastSwiftUpdateCheck = 1420;
				LastUpgradeCheck = 1420;
				TargetAttributes = {
					5B796098298C74A900947879 = {
						CreatedOnToolsVersion = 14.2;
					};
				};
			};
			buildConfigurationList = 5B796094298C74A900947879 /* Build configuration list for PBXProject "shazam-social" */;
			compatibilityVersion = "Xcode 14.0";
			developmentRegion = en;
			hasScannedForEncodings = 0;
			knownRegions = (
				en,
				Base,
			);
			mainGroup = 5B796090298C74A900947879;
			productRefGroup = 5B79609A298C74A900947879 /* Products */;
			projectDirPath = "";
			projectRoot = "";
			targets = (
				5B796098298C74A900947879 /* shazam-social */,
			);
		};
/* End PBXProject section */

/* Begin PBXResourcesBuildPhase section */
		5B796097298C74A900947879 /* Resources */ = {
			isa = PBXResourcesBuildPhase;
			buildActionMask = 2147483647;
			files = (
				5B7960A4298C74AB00947879 /* Preview Assets.xcassets in Resources */,
				5B7960A1298C74AB00947879 /* Assets.xcassets in Resources */,
			);
			runOnlyForDeploymentPostprocessing = 0;
		};
/* End PBXResourcesBuildPhase section */

/* Begin PBXShellScriptBuildPhase section */
		56EA7414E0CBA1828A8AF94B /* [CP] Embed Pods Frameworks */ = {
			isa = PBXShellScriptBuildPhase;
			buildActionMask = 2147483647;
			files = (
			);
			inputFileListPaths = (
				"${PODS_ROOT}/Target Support Files/Pods-shazam-social/Pods-shazam-social-frameworks-${CONFIGURATION}-input-files.xcfilelist",
			);
			name = "[CP] Embed Pods Frameworks";
			outputFileListPaths = (
				"${PODS_ROOT}/Target Support Files/Pods-shazam-social/Pods-shazam-social-frameworks-${CONFIGURATION}-output-files.xcfilelist",
			);
			runOnlyForDeploymentPostprocessing = 0;
			shellPath = /bin/sh;
			shellScript = "\"${PODS_ROOT}/Target Support Files/Pods-shazam-social/Pods-shazam-social-frameworks.sh\"\n";
			showEnvVarsInLog = 0;
		};
		5A3988A9F86929DCB4F88D85 /* [CP] Check Pods Manifest.lock */ = {
			isa = PBXShellScriptBuildPhase;
			buildActionMask = 2147483647;
			files = (
			);
			inputFileListPaths = (
			);
			inputPaths = (
				"${PODS_PODFILE_DIR_PATH}/Podfile.lock",
				"${PODS_ROOT}/Manifest.lock",
			);
			name = "[CP] Check Pods Manifest.lock";
			outputFileListPaths = (
			);
			outputPaths = (
				"$(DERIVED_FILE_DIR)/Pods-shazam-social-checkManifestLockResult.txt",
			);
			runOnlyForDeploymentPostprocessing = 0;
			shellPath = /bin/sh;
			shellScript = "diff \"${PODS_PODFILE_DIR_PATH}/Podfile.lock\" \"${PODS_ROOT}/Manifest.lock\" > /dev/null\nif [ $? != 0 ] ; then\n    # print error to STDERR\n    echo \"error: The sandbox is not in sync with the Podfile.lock. Run 'pod install' or update your CocoaPods installation.\" >&2\n    exit 1\nfi\n# This output is used by Xcode 'outputs' to avoid re-running this script phase.\necho \"SUCCESS\" > \"${SCRIPT_OUTPUT_FILE_0}\"\n";
			showEnvVarsInLog = 0;
		};
/* End PBXShellScriptBuildPhase section */

/* Begin PBXSourcesBuildPhase section */
		5B796095298C74A900947879 /* Sources */ = {
			isa = PBXSourcesBuildPhase;
			buildActionMask = 2147483647;
			files = (
				5B43D330298CAED2006B56EA /* ShazamView.swift in Sources */,
				5B793BBA298E1CAE00D57757 /* LocalSearchService.swift in Sources */,
				5B5E7F5E298F36B900AA588C /* SyncContentView.swift in Sources */,
				5B793BB2298DC89D00D57757 /* DateToString.swift in Sources */,
				5B5E7F59298F2E7700AA588C /* AuthenticationManager.swift in Sources */,
				5B43D32E298CAEB4006B56EA /* FeedView.swift in Sources */,
				5BFC70E32991074900E4D566 /* CachedAsyncImage.swift in Sources */,
				5BFC70DF2990F0A600E4D566 /* ProfilePostView.swift in Sources */,
				5BFC70E12990F57A00E4D566 /* MapView.swift in Sources */,
				5B5E7F60298F36E300AA588C /* OpenSyncedRealmView.swift in Sources */,
				5B793BB8298E19F500D57757 /* LocationManager.swift in Sources */,
				5B7960AF298C77F900947879 /* Model.swift in Sources */,
				5B43D32C298C9F7D006B56EA /* LoginView.swift in Sources */,
				5B43D335298D0662006B56EA /* PostCard.swift in Sources */,
				5B7960AD298C77BB00947879 /* AppKeys.swift in Sources */,
				5BFC70E52991075700E4D566 /* ImageLoader.swift in Sources */,
				5B793BBC298E1CCD00D57757 /* LocalSearchData.swift in Sources */,
				5B79609D298C74A900947879 /* shazam_socialApp.swift in Sources */,
				5B5E7F5B298F351F00AA588C /* SignUpView.swift in Sources */,
				5B793BBF298E1EDD00D57757 /* LocationView.swift in Sources */,
				5BFC70DD2990EB8B00E4D566 /* ProfileView.swift in Sources */,
				5B7960AB298C76AC00947879 /* ShazamHelper.swift in Sources */,
				5B43D332298CF2CE006B56EA /* NewPostView.swift in Sources */,
			);
			runOnlyForDeploymentPostprocessing = 0;
		};
/* End PBXSourcesBuildPhase section */

/* Begin XCBuildConfiguration section */
		5B7960A5298C74AB00947879 /* Debug */ = {
			isa = XCBuildConfiguration;
			buildSettings = {
				ALWAYS_SEARCH_USER_PATHS = NO;
				CLANG_ANALYZER_NONNULL = YES;
				CLANG_ANALYZER_NUMBER_OBJECT_CONVERSION = YES_AGGRESSIVE;
				CLANG_CXX_LANGUAGE_STANDARD = "gnu++20";
				CLANG_ENABLE_MODULES = YES;
				CLANG_ENABLE_OBJC_ARC = YES;
				CLANG_ENABLE_OBJC_WEAK = YES;
				CLANG_WARN_BLOCK_CAPTURE_AUTORELEASING = YES;
				CLANG_WARN_BOOL_CONVERSION = YES;
				CLANG_WARN_COMMA = YES;
				CLANG_WARN_CONSTANT_CONVERSION = YES;
				CLANG_WARN_DEPRECATED_OBJC_IMPLEMENTATIONS = YES;
				CLANG_WARN_DIRECT_OBJC_ISA_USAGE = YES_ERROR;
				CLANG_WARN_DOCUMENTATION_COMMENTS = YES;
				CLANG_WARN_EMPTY_BODY = YES;
				CLANG_WARN_ENUM_CONVERSION = YES;
				CLANG_WARN_INFINITE_RECURSION = YES;
				CLANG_WARN_INT_CONVERSION = YES;
				CLANG_WARN_NON_LITERAL_NULL_CONVERSION = YES;
				CLANG_WARN_OBJC_IMPLICIT_RETAIN_SELF = YES;
				CLANG_WARN_OBJC_LITERAL_CONVERSION = YES;
				CLANG_WARN_OBJC_ROOT_CLASS = YES_ERROR;
				CLANG_WARN_QUOTED_INCLUDE_IN_FRAMEWORK_HEADER = YES;
				CLANG_WARN_RANGE_LOOP_ANALYSIS = YES;
				CLANG_WARN_STRICT_PROTOTYPES = YES;
				CLANG_WARN_SUSPICIOUS_MOVE = YES;
				CLANG_WARN_UNGUARDED_AVAILABILITY = YES_AGGRESSIVE;
				CLANG_WARN_UNREACHABLE_CODE = YES;
				CLANG_WARN__DUPLICATE_METHOD_MATCH = YES;
				COPY_PHASE_STRIP = NO;
				DEBUG_INFORMATION_FORMAT = dwarf;
				ENABLE_STRICT_OBJC_MSGSEND = YES;
				ENABLE_TESTABILITY = YES;
				GCC_C_LANGUAGE_STANDARD = gnu11;
				GCC_DYNAMIC_NO_PIC = NO;
				GCC_NO_COMMON_BLOCKS = YES;
				GCC_OPTIMIZATION_LEVEL = 0;
				GCC_PREPROCESSOR_DEFINITIONS = (
					"DEBUG=1",
					"$(inherited)",
				);
				GCC_WARN_64_TO_32_BIT_CONVERSION = YES;
				GCC_WARN_ABOUT_RETURN_TYPE = YES_ERROR;
				GCC_WARN_UNDECLARED_SELECTOR = YES;
				GCC_WARN_UNINITIALIZED_AUTOS = YES_AGGRESSIVE;
				GCC_WARN_UNUSED_FUNCTION = YES;
				GCC_WARN_UNUSED_VARIABLE = YES;
				IPHONEOS_DEPLOYMENT_TARGET = 16.2;
				MTL_ENABLE_DEBUG_INFO = INCLUDE_SOURCE;
				MTL_FAST_MATH = YES;
				ONLY_ACTIVE_ARCH = YES;
				SDKROOT = iphoneos;
				SWIFT_ACTIVE_COMPILATION_CONDITIONS = DEBUG;
				SWIFT_OPTIMIZATION_LEVEL = "-Onone";
			};
			name = Debug;
		};
		5B7960A6298C74AB00947879 /* Release */ = {
			isa = XCBuildConfiguration;
			buildSettings = {
				ALWAYS_SEARCH_USER_PATHS = NO;
				CLANG_ANALYZER_NONNULL = YES;
				CLANG_ANALYZER_NUMBER_OBJECT_CONVERSION = YES_AGGRESSIVE;
				CLANG_CXX_LANGUAGE_STANDARD = "gnu++20";
				CLANG_ENABLE_MODULES = YES;
				CLANG_ENABLE_OBJC_ARC = YES;
				CLANG_ENABLE_OBJC_WEAK = YES;
				CLANG_WARN_BLOCK_CAPTURE_AUTORELEASING = YES;
				CLANG_WARN_BOOL_CONVERSION = YES;
				CLANG_WARN_COMMA = YES;
				CLANG_WARN_CONSTANT_CONVERSION = YES;
				CLANG_WARN_DEPRECATED_OBJC_IMPLEMENTATIONS = YES;
				CLANG_WARN_DIRECT_OBJC_ISA_USAGE = YES_ERROR;
				CLANG_WARN_DOCUMENTATION_COMMENTS = YES;
				CLANG_WARN_EMPTY_BODY = YES;
				CLANG_WARN_ENUM_CONVERSION = YES;
				CLANG_WARN_INFINITE_RECURSION = YES;
				CLANG_WARN_INT_CONVERSION = YES;
				CLANG_WARN_NON_LITERAL_NULL_CONVERSION = YES;
				CLANG_WARN_OBJC_IMPLICIT_RETAIN_SELF = YES;
				CLANG_WARN_OBJC_LITERAL_CONVERSION = YES;
				CLANG_WARN_OBJC_ROOT_CLASS = YES_ERROR;
				CLANG_WARN_QUOTED_INCLUDE_IN_FRAMEWORK_HEADER = YES;
				CLANG_WARN_RANGE_LOOP_ANALYSIS = YES;
				CLANG_WARN_STRICT_PROTOTYPES = YES;
				CLANG_WARN_SUSPICIOUS_MOVE = YES;
				CLANG_WARN_UNGUARDED_AVAILABILITY = YES_AGGRESSIVE;
				CLANG_WARN_UNREACHABLE_CODE = YES;
				CLANG_WARN__DUPLICATE_METHOD_MATCH = YES;
				COPY_PHASE_STRIP = NO;
				DEBUG_INFORMATION_FORMAT = "dwarf-with-dsym";
				ENABLE_NS_ASSERTIONS = NO;
				ENABLE_STRICT_OBJC_MSGSEND = YES;
				GCC_C_LANGUAGE_STANDARD = gnu11;
				GCC_NO_COMMON_BLOCKS = YES;
				GCC_WARN_64_TO_32_BIT_CONVERSION = YES;
				GCC_WARN_ABOUT_RETURN_TYPE = YES_ERROR;
				GCC_WARN_UNDECLARED_SELECTOR = YES;
				GCC_WARN_UNINITIALIZED_AUTOS = YES_AGGRESSIVE;
				GCC_WARN_UNUSED_FUNCTION = YES;
				GCC_WARN_UNUSED_VARIABLE = YES;
				IPHONEOS_DEPLOYMENT_TARGET = 16.2;
				MTL_ENABLE_DEBUG_INFO = NO;
				MTL_FAST_MATH = YES;
				SDKROOT = iphoneos;
				SWIFT_COMPILATION_MODE = wholemodule;
				SWIFT_OPTIMIZATION_LEVEL = "-O";
				VALIDATE_PRODUCT = YES;
			};
			name = Release;
		};
		5B7960A8298C74AB00947879 /* Debug */ = {
			isa = XCBuildConfiguration;
			baseConfigurationReference = C848167B6200EF926991AEF7 /* Pods-shazam-social.debug.xcconfig */;
			buildSettings = {
				ASSETCATALOG_COMPILER_APPICON_NAME = AppIcon;
				ASSETCATALOG_COMPILER_GLOBAL_ACCENT_COLOR_NAME = AccentColor;
				CODE_SIGN_STYLE = Automatic;
				CURRENT_PROJECT_VERSION = 1;
				DEVELOPMENT_ASSET_PATHS = "\"shazam-social/Preview Content\"";
				DEVELOPMENT_TEAM = FZ4MUK93F3;
				ENABLE_PREVIEWS = YES;
				GENERATE_INFOPLIST_FILE = YES;
				INFOPLIST_FILE = "shazam-social/Info.plist";
				INFOPLIST_KEY_NSAppleMusicUsageDescription = "Shazam would like to play your tracks.";
				INFOPLIST_KEY_NSLocationWhenInUseUsageDescription = "Shazam would like to locate you to add location to your posts.";
				INFOPLIST_KEY_NSMicrophoneUsageDescription = "Shazam needs to use the microphone to record audio.";
				INFOPLIST_KEY_UIApplicationSceneManifest_Generation = YES;
				INFOPLIST_KEY_UIApplicationSupportsIndirectInputEvents = YES;
				INFOPLIST_KEY_UILaunchScreen_Generation = YES;
				INFOPLIST_KEY_UISupportedInterfaceOrientations_iPad = "UIInterfaceOrientationPortrait UIInterfaceOrientationPortraitUpsideDown UIInterfaceOrientationLandscapeLeft UIInterfaceOrientationLandscapeRight";
				INFOPLIST_KEY_UISupportedInterfaceOrientations_iPhone = "UIInterfaceOrientationPortrait UIInterfaceOrientationLandscapeLeft UIInterfaceOrientationLandscapeRight";
				LD_RUNPATH_SEARCH_PATHS = (
					"$(inherited)",
					"@executable_path/Frameworks",
				);
				MARKETING_VERSION = 1.0;
				OTHER_LDFLAGS = (
					"$(inherited)",
					"-l\"c++\"",
					"-l\"compression\"",
					"-l\"z\"",
					"-framework",
					"\"Realm\"",
					"-framework",
					"\"RealmSwift\"",
					"-framework",
					"\"Security\"",
					"-weak_framework",
					"\"SwiftUI\"",
				);
				PRODUCT_BUNDLE_IDENTIFIER = "brandonw504.shazam-social";
				PRODUCT_NAME = "$(TARGET_NAME)";
				SWIFT_EMIT_LOC_STRINGS = YES;
				SWIFT_VERSION = 5.0;
				TARGETED_DEVICE_FAMILY = "1,2";
			};
			name = Debug;
		};
		5B7960A9298C74AB00947879 /* Release */ = {
			isa = XCBuildConfiguration;
			baseConfigurationReference = C0C3717F40E97D747BCED05C /* Pods-shazam-social.release.xcconfig */;
			buildSettings = {
				ASSETCATALOG_COMPILER_APPICON_NAME = AppIcon;
				ASSETCATALOG_COMPILER_GLOBAL_ACCENT_COLOR_NAME = AccentColor;
				CODE_SIGN_STYLE = Automatic;
				CURRENT_PROJECT_VERSION = 1;
				DEVELOPMENT_ASSET_PATHS = "\"shazam-social/Preview Content\"";
				DEVELOPMENT_TEAM = FZ4MUK93F3;
				ENABLE_PREVIEWS = YES;
				GENERATE_INFOPLIST_FILE = YES;
				INFOPLIST_FILE = "shazam-social/Info.plist";
				INFOPLIST_KEY_NSAppleMusicUsageDescription = "Shazam would like to play your tracks.";
				INFOPLIST_KEY_NSLocationWhenInUseUsageDescription = "Shazam would like to locate you to add location to your posts.";
				INFOPLIST_KEY_NSMicrophoneUsageDescription = "Shazam needs to use the microphone to record audio.";
				INFOPLIST_KEY_UIApplicationSceneManifest_Generation = YES;
				INFOPLIST_KEY_UIApplicationSupportsIndirectInputEvents = YES;
				INFOPLIST_KEY_UILaunchScreen_Generation = YES;
				INFOPLIST_KEY_UISupportedInterfaceOrientations_iPad = "UIInterfaceOrientationPortrait UIInterfaceOrientationPortraitUpsideDown UIInterfaceOrientationLandscapeLeft UIInterfaceOrientationLandscapeRight";
				INFOPLIST_KEY_UISupportedInterfaceOrientations_iPhone = "UIInterfaceOrientationPortrait UIInterfaceOrientationLandscapeLeft UIInterfaceOrientationLandscapeRight";
				LD_RUNPATH_SEARCH_PATHS = (
					"$(inherited)",
					"@executable_path/Frameworks",
				);
				MARKETING_VERSION = 1.0;
				OTHER_LDFLAGS = (
					"$(inherited)",
					"-l\"c++\"",
					"-l\"compression\"",
					"-l\"z\"",
					"-framework",
					"\"Realm\"",
					"-framework",
					"\"RealmSwift\"",
					"-framework",
					"\"Security\"",
					"-weak_framework",
					"\"SwiftUI\"",
				);
				PRODUCT_BUNDLE_IDENTIFIER = "brandonw504.shazam-social";
				PRODUCT_NAME = "$(TARGET_NAME)";
				SWIFT_EMIT_LOC_STRINGS = YES;
				SWIFT_VERSION = 5.0;
				TARGETED_DEVICE_FAMILY = "1,2";
			};
			name = Release;
		};
/* End XCBuildConfiguration section */

/* Begin XCConfigurationList section */
		5B796094298C74A900947879 /* Build configuration list for PBXProject "shazam-social" */ = {
			isa = XCConfigurationList;
			buildConfigurations = (
				5B7960A5298C74AB00947879 /* Debug */,
				5B7960A6298C74AB00947879 /* Release */,
			);
			defaultConfigurationIsVisible = 0;
			defaultConfigurationName = Release;
		};
		5B7960A7298C74AB00947879 /* Build configuration list for PBXNativeTarget "shazam-social" */ = {
			isa = XCConfigurationList;
			buildConfigurations = (
				5B7960A8298C74AB00947879 /* Debug */,
				5B7960A9298C74AB00947879 /* Release */,
			);
			defaultConfigurationIsVisible = 0;
			defaultConfigurationName = Release;
		};
/* End XCConfigurationList section */
	};
	rootObject = 5B796091298C74A900947879 /* Project object */;
}
